<?xml version="1.0" encoding="utf-8"?>
<Project ToolsVersion="16.0" xmlns="http://schemas.microsoft.com/developer/msbuild/2003">
  <ItemGroup>
    <ClCompile Include="D:\DDocuments\Uczelniane\Inzynierka\pdr - Copy\src\pdrCamParams.cpp">
      <Filter>Source Files</Filter>
    </ClCompile>
    <ClCompile Include="D:\DDocuments\Uczelniane\Inzynierka\pdr - Copy\src\pdrConfig.cpp">
      <Filter>Source Files</Filter>
    </ClCompile>
    <ClCompile Include="D:\DDocuments\Uczelniane\Inzynierka\pdr - Copy\src\pdrMatrix.cpp">
      <Filter>Source Files</Filter>
    </ClCompile>
    <ClCompile Include="D:\DDocuments\Uczelniane\Inzynierka\pdr - Copy\src\pdrRefiner.cpp">
      <Filter>Source Files</Filter>
    </ClCompile>
    <ClCompile Include="D:\DDocuments\Uczelniane\Inzynierka\pdr - Copy\src\pdrYUV.cpp">
      <Filter>Source Files</Filter>
    </ClCompile>
  </ItemGroup>
  <ItemGroup>
    <ClInclude Include="D:\DDocuments\Uczelniane\Inzynierka\pdr - Copy\src\pdrCamParams.h">
      <Filter>Header Files</Filter>
    </ClInclude>
    <ClInclude Include="D:\DDocuments\Uczelniane\Inzynierka\pdr - Copy\src\pdrConfig.h">
      <Filter>Header Files</Filter>
    </ClInclude>
    <ClInclude Include="D:\DDocuments\Uczelniane\Inzynierka\pdr - Copy\src\pdrMatrix.h">
      <Filter>Header Files</Filter>
    </ClInclude>
    <ClInclude Include="D:\DDocuments\Uczelniane\Inzynierka\pdr - Copy\src\pdrParams.h">
      <Filter>Header Files</Filter>
    </ClInclude>
    <ClInclude Include="D:\DDocuments\Uczelniane\Inzynierka\pdr - Copy\src\pdrRefiner.h">
      <Filter>Header Files</Filter>
    </ClInclude>
    <ClInclude Include="D:\DDocuments\Uczelniane\Inzynierka\pdr - Copy\src\pdrYUV.h">
      <Filter>Header Files</Filter>
    </ClInclude>
    <ClInclude Include="D:\DDocuments\Uczelniane\Inzynierka\pdr - Copy\src\TypeDef.h">
      <Filter>Header Files</Filter>
    </ClInclude>
  </ItemGroup>
  <ItemGroup>
    <CustomBuild Include="D:\DDocuments\Uczelniane\Inzynierka\pdr - Copy\CMakeLists.txt" />
  </ItemGroup>
  <ItemGroup>
    <Filter Include="Header Files">
      <UniqueIdentifier>{F8D062B6-CA02-3BB4-9ABC-B2F3DB0A52C0}</UniqueIdentifier>
    </Filter>
    <Filter Include="Source Files">
      <UniqueIdentifier>{2BD591DA-B2AD-3683-8195-8C141ACEF2A4}</UniqueIdentifier>
    </Filter>
  </ItemGroup>
</Project>
